{
  "version": 4,
  "terraform_version": "1.9.5",
  "serial": 1,
  "lineage": "48a7300c-0539-fa6b-0993-5285af0e73c4",
  "outputs": {
    "container_image": {
      "value": "ayeshak2005/ecommerce-website:latest",
      "type": "string"
    },
    "container_name": {
      "value": "ecommerce-app",
      "type": "string"
    },
    "container_ports": {
      "value": [
        {
          "external": 5000,
          "internal": 5000,
          "ip": "0.0.0.0",
          "protocol": "tcp"
        }
      ],
      "type": [
        "list",
        [
          "object",
          {
            "external": "number",
            "internal": "number",
            "ip": "string",
            "protocol": "string"
          }
        ]
      ]
    }
  },
  "resources": [
    {
      "mode": "managed",
      "type": "docker_image",
      "name": "ecommerce",
      "provider": "provider[\"registry.terraform.io/kreuzwerker/docker\"]",
      "instances": [
        {
          "schema_version": 0,
          "attributes": {
            "build": [],
            "force_remove": null,
            "id": "sha256:570053e3711210d7051ff21a562fe34820c6b2ad5cc712f202a37a40e24d260bayeshak2005/ecommerce-website:latest",
            "image_id": "sha256:570053e3711210d7051ff21a562fe34820c6b2ad5cc712f202a37a40e24d260b",
            "keep_locally": null,
            "name": "ayeshak2005/ecommerce-website:latest",
            "platform": null,
            "pull_triggers": null,
            "repo_digest": "ayeshak2005/ecommerce-website@sha256:13f3bd153cd6279aced76d0c125aa5fafd7b37bf5579cb8e844f3c198f9124bc",
            "triggers": null
          },
          "sensitive_attributes": [],
          "private": "bnVsbA=="
        }
      ]
    }
  ],
  "check_results": null
}
